
Microsoft Visual Studio Solution File, Format Version 12.00
# Visual Studio Version 17
VisualStudioVersion = 17.13.35825.156
MinimumVisualStudioVersion = 10.0.40219.1
Project("{FAE04EC0-301F-11D3-BF4B-00C04F79EFBC}") = "SQLite", "SQLite.csproj", "{368DFB93-9255-90E8-D21F-96E01D423054}"
EndProject
Project("{2150E333-8FDC-42A3-9474-1A3956D46DE8}") = "Reference Projects", "Reference Projects", "{02EA681E-C7D8-13C7-8484-4AC65E1B71E8}"
EndProject
Project("{FAE04EC0-301F-11D3-BF4B-00C04F79EFBC}") = "Application", "..\..\..\..\..\Application\Application.csproj", "{732DD7A3-5BD5-5778-FFCE-8C179B84BE20}"
EndProject
Global
	GlobalSection(SolutionConfigurationPlatforms) = preSolution
		Debug|Any CPU = Debug|Any CPU
		Release|Any CPU = Release|Any CPU
	EndGlobalSection
	GlobalSection(ProjectConfigurationPlatforms) = postSolution
		{368DFB93-9255-90E8-D21F-96E01D423054}.Debug|Any CPU.ActiveCfg = Debug|Any CPU
		{368DFB93-9255-90E8-D21F-96E01D423054}.Debug|Any CPU.Build.0 = Debug|Any CPU
		{368DFB93-9255-90E8-D21F-96E01D423054}.Release|Any CPU.ActiveCfg = Release|Any CPU
		{368DFB93-9255-90E8-D21F-96E01D423054}.Release|Any CPU.Build.0 = Release|Any CPU
		{732DD7A3-5BD5-5778-FFCE-8C179B84BE20}.Debug|Any CPU.ActiveCfg = Debug|Any CPU
		{732DD7A3-5BD5-5778-FFCE-8C179B84BE20}.Debug|Any CPU.Build.0 = Debug|Any CPU
		{732DD7A3-5BD5-5778-FFCE-8C179B84BE20}.Release|Any CPU.ActiveCfg = Release|Any CPU
		{732DD7A3-5BD5-5778-FFCE-8C179B84BE20}.Release|Any CPU.Build.0 = Release|Any CPU
	EndGlobalSection
	GlobalSection(SolutionProperties) = preSolution
		HideSolutionNode = FALSE
	EndGlobalSection
	GlobalSection(NestedProjects) = preSolution
		{732DD7A3-5BD5-5778-FFCE-8C179B84BE20} = {02EA681E-C7D8-13C7-8484-4AC65E1B71E8}
	EndGlobalSection
	GlobalSection(ExtensibilityGlobals) = postSolution
		SolutionGuid = {AA6E0CF5-5478-4A33-A36F-2CDA27407001}
	EndGlobalSection
EndGlobal
